GEM
  remote: https://rubygems.org/
  specs:
    rails (5.2.8.1)
    devise (4.7.1)
    pg (1.2.3)
    puma (4.3.12)
    stripe (5.28.0)
    rack (2.1.4)
    nokogiri (1.10.8)
    activesupport (5.2.8.1)
    rspec-rails (5.0.3)
    factory_bot_rails (6.2.0)

PLATFORMS
  ruby

DEPENDENCIES
  rails (~> 5.2.8)
  devise (~> 4.7.1)
  pg (~> 1.2)
  puma (~> 4.3)
  stripe (~> 5.28)
  rack (~> 2.1.4)
  nokogiri (~> 1.10.8)
  activesupport (~> 5.2.8)
  rspec-rails (~> 5.0)
  factory_bot_rails
